// !$*UTF8*$!
{
	archiveVersion = 1;
	classes = {
	};
	objectVersion = 50;
	objects = {

/* Begin PBXBuildFile section */
		7E7BF3376B161DB2E33E3C6A /* Pods_ZenonCarpooling.framework in Frameworks */ = {isa = PBXBuildFile; fileRef = A6192089AC6DA2F76E5818D1 /* Pods_ZenonCarpooling.framework */; };
		E138F99220AEADCA00325CB1 /* AppDelegate.swift in Sources */ = {isa = PBXBuildFile; fileRef = E138F99120AEADCA00325CB1 /* AppDelegate.swift */; };
		E138F99920AEADCB00325CB1 /* Assets.xcassets in Resources */ = {isa = PBXBuildFile; fileRef = E138F99820AEADCB00325CB1 /* Assets.xcassets */; };
		E138F99C20AEADCB00325CB1 /* LaunchScreen.storyboard in Resources */ = {isa = PBXBuildFile; fileRef = E138F99A20AEADCB00325CB1 /* LaunchScreen.storyboard */; };
		E138F9A920AEB05400325CB1 /* LoginScreenVC.swift in Sources */ = {isa = PBXBuildFile; fileRef = E138F9A720AEB05400325CB1 /* LoginScreenVC.swift */; };
		E1587C8E20BC169500C48DB6 /* CustomAlertView.swift in Sources */ = {isa = PBXBuildFile; fileRef = E1587C8C20BC169500C48DB6 /* CustomAlertView.swift */; };
		E1587C8F20BC169500C48DB6 /* CustomAlertView.xib in Resources */ = {isa = PBXBuildFile; fileRef = E1587C8D20BC169500C48DB6 /* CustomAlertView.xib */; };
		E15F0E8820BC9C83007C1965 /* SearchRideVC.swift in Sources */ = {isa = PBXBuildFile; fileRef = E15F0E8620BC9C83007C1965 /* SearchRideVC.swift */; };
		E15F0E8920BC9C83007C1965 /* SearchRideVC.xib in Resources */ = {isa = PBXBuildFile; fileRef = E15F0E8720BC9C83007C1965 /* SearchRideVC.xib */; };
		E179111B20BACD47000FB92A /* ShowOrEditProfileVC.swift in Sources */ = {isa = PBXBuildFile; fileRef = E179111920BACD47000FB92A /* ShowOrEditProfileVC.swift */; };
		E179111C20BACD47000FB92A /* ShowOrEditProfileVC.xib in Resources */ = {isa = PBXBuildFile; fileRef = E179111A20BACD47000FB92A /* ShowOrEditProfileVC.xib */; };
		E179111E20BAD501000FB92A /* ProfileSettingsCell.xib in Resources */ = {isa = PBXBuildFile; fileRef = E179111D20BAD501000FB92A /* ProfileSettingsCell.xib */; };
		E179112120BAE774000FB92A /* SettingsTableCell.swift in Sources */ = {isa = PBXBuildFile; fileRef = E179111F20BAE774000FB92A /* SettingsTableCell.swift */; };
		E179112220BAE774000FB92A /* SettingsTableCell.xib in Resources */ = {isa = PBXBuildFile; fileRef = E179112020BAE774000FB92A /* SettingsTableCell.xib */; };
		E179112520BAEF87000FB92A /* ProfileInfoTableCell.swift in Sources */ = {isa = PBXBuildFile; fileRef = E179112320BAEF87000FB92A /* ProfileInfoTableCell.swift */; };
		E179112620BAEF87000FB92A /* ProfileInfoTableCell.xib in Resources */ = {isa = PBXBuildFile; fileRef = E179112420BAEF87000FB92A /* ProfileInfoTableCell.xib */; };
		E179112920BAEF9F000FB92A /* ProfileImageTableCell.swift in Sources */ = {isa = PBXBuildFile; fileRef = E179112720BAEF9F000FB92A /* ProfileImageTableCell.swift */; };
		E179112A20BAEF9F000FB92A /* ProfileImageTableCell.xib in Resources */ = {isa = PBXBuildFile; fileRef = E179112820BAEF9F000FB92A /* ProfileImageTableCell.xib */; };
		E179112C20BB0B7E000FB92A /* LunchScreen.swift in Sources */ = {isa = PBXBuildFile; fileRef = E179112B20BB0B7E000FB92A /* LunchScreen.swift */; };
		E1973BD620AECE5F002F8ECB /* TabBarVC.swift in Sources */ = {isa = PBXBuildFile; fileRef = E1973BD420AECE5F002F8ECB /* TabBarVC.swift */; };
		E1973BDB20AED581002F8ECB /* GoogleService-Info.plist in Resources */ = {isa = PBXBuildFile; fileRef = E1973BDA20AED581002F8ECB /* GoogleService-Info.plist */; };
		E1973BE120AEDCB2002F8ECB /* ViewController.swift in Sources */ = {isa = PBXBuildFile; fileRef = E1973BDF20AEDCB2002F8ECB /* ViewController.swift */; };
		E1973BE220AEDCB2002F8ECB /* ViewController.xib in Resources */ = {isa = PBXBuildFile; fileRef = E1973BE020AEDCB2002F8ECB /* ViewController.xib */; };
		E1973BE720AEE083002F8ECB /* SignUpScreenVC.swift in Sources */ = {isa = PBXBuildFile; fileRef = E1973BE520AEE083002F8ECB /* SignUpScreenVC.swift */; };
		E1973BEC20AEF1ED002F8ECB /* Extenstions.swift in Sources */ = {isa = PBXBuildFile; fileRef = E1973BEB20AEF1ED002F8ECB /* Extenstions.swift */; };
		E1973BEF20AF02B8002F8ECB /* ZenonUser.swift in Sources */ = {isa = PBXBuildFile; fileRef = E1973BEE20AF02B8002F8ECB /* ZenonUser.swift */; };
		E1973BF220AF051D002F8ECB /* RecoverPasswordScreenVC.swift in Sources */ = {isa = PBXBuildFile; fileRef = E1973BF020AF051D002F8ECB /* RecoverPasswordScreenVC.swift */; };
		E1973BF420B41613002F8ECB /* LoginScreenVC.xib in Resources */ = {isa = PBXBuildFile; fileRef = E1973BF620B41613002F8ECB /* LoginScreenVC.xib */; };
		E1973BFB20B4170A002F8ECB /* Localizable.strings in Resources */ = {isa = PBXBuildFile; fileRef = E1973BF920B4170A002F8ECB /* Localizable.strings */; };
		E1973C0A20B570A5002F8ECB /* SignUpScreenVC.xib in Resources */ = {isa = PBXBuildFile; fileRef = E1973C0C20B570A5002F8ECB /* SignUpScreenVC.xib */; };
		E1973C1520B583A5002F8ECB /* RecoverPasswordScreenVC.xib in Resources */ = {isa = PBXBuildFile; fileRef = E1973C1720B583A5002F8ECB /* RecoverPasswordScreenVC.xib */; };
		E1A116B120B981F100757070 /* AppSettingsVC.swift in Sources */ = {isa = PBXBuildFile; fileRef = E1A116AF20B981F100757070 /* AppSettingsVC.swift */; };
		E1A116B220B981F100757070 /* AppSettingsVC.xib in Resources */ = {isa = PBXBuildFile; fileRef = E1A116B020B981F100757070 /* AppSettingsVC.xib */; };
		E1A116B520B9964A00757070 /* ProfileSettingsCell.swift in Sources */ = {isa = PBXBuildFile; fileRef = E1A116B420B9964A00757070 /* ProfileSettingsCell.swift */; };
		E1E7BBF220CFF36F00FC3C4B /* MyRidesVC.swift in Sources */ = {isa = PBXBuildFile; fileRef = E1E7BBF020CFF36F00FC3C4B /* MyRidesVC.swift */; };
		E1E7BBF320CFF36F00FC3C4B /* MyRidesVC.xib in Resources */ = {isa = PBXBuildFile; fileRef = E1E7BBF120CFF36F00FC3C4B /* MyRidesVC.xib */; };
		E1F662F420C6F367003F7FA8 /* OfferRideVC.swift in Sources */ = {isa = PBXBuildFile; fileRef = E1F662F220C6F367003F7FA8 /* OfferRideVC.swift */; };
		E1F662F520C6F367003F7FA8 /* OfferRideVC.xib in Resources */ = {isa = PBXBuildFile; fileRef = E1F662F320C6F367003F7FA8 /* OfferRideVC.xib */; };
		E1F662F720C72037003F7FA8 /* Ride.swift in Sources */ = {isa = PBXBuildFile; fileRef = E1F662F620C72037003F7FA8 /* Ride.swift */; };
/* End PBXBuildFile section */

/* Begin PBXFileReference section */
		1834A5D4E7E22F1AB2784B22 /* Pods-ZenonCarpooling.debug.xcconfig */ = {isa = PBXFileReference; includeInIndex = 1; lastKnownFileType = text.xcconfig; name = "Pods-ZenonCarpooling.debug.xcconfig"; path = "Pods/Target Support Files/Pods-ZenonCarpooling/Pods-ZenonCarpooling.debug.xcconfig"; sourceTree = "<group>"; };
		A6192089AC6DA2F76E5818D1 /* Pods_ZenonCarpooling.framework */ = {isa = PBXFileReference; explicitFileType = wrapper.framework; includeInIndex = 0; path = Pods_ZenonCarpooling.framework; sourceTree = BUILT_PRODUCTS_DIR; };
		B48ED108251DE122104BA87B /* Pods-ZenonCarpooling.release.xcconfig */ = {isa = PBXFileReference; includeInIndex = 1; lastKnownFileType = text.xcconfig; name = "Pods-ZenonCarpooling.release.xcconfig"; path = "Pods/Target Support Files/Pods-ZenonCarpooling/Pods-ZenonCarpooling.release.xcconfig"; sourceTree = "<group>"; };
		E138F98E20AEADCA00325CB1 /* ZenonCarpooling.app */ = {isa = PBXFileReference; explicitFileType = wrapper.application; includeInIndex = 0; path = ZenonCarpooling.app; sourceTree = BUILT_PRODUCTS_DIR; };
		E138F99120AEADCA00325CB1 /* AppDelegate.swift */ = {isa = PBXFileReference; lastKnownFileType = sourcecode.swift; path = AppDelegate.swift; sourceTree = "<group>"; };
		E138F99820AEADCB00325CB1 /* Assets.xcassets */ = {isa = PBXFileReference; lastKnownFileType = folder.assetcatalog; path = Assets.xcassets; sourceTree = "<group>"; };
		E138F99B20AEADCB00325CB1 /* Base */ = {isa = PBXFileReference; lastKnownFileType = file.storyboard; name = Base; path = Base.lproj/LaunchScreen.storyboard; sourceTree = "<group>"; };
		E138F99D20AEADCB00325CB1 /* Info.plist */ = {isa = PBXFileReference; lastKnownFileType = text.plist.xml; path = Info.plist; sourceTree = "<group>"; };
		E138F9A720AEB05400325CB1 /* LoginScreenVC.swift */ = {isa = PBXFileReference; lastKnownFileType = sourcecode.swift; path = LoginScreenVC.swift; sourceTree = "<group>"; };
		E1587C8C20BC169500C48DB6 /* CustomAlertView.swift */ = {isa = PBXFileReference; lastKnownFileType = sourcecode.swift; path = CustomAlertView.swift; sourceTree = "<group>"; };
		E1587C8D20BC169500C48DB6 /* CustomAlertView.xib */ = {isa = PBXFileReference; lastKnownFileType = file.xib; path = CustomAlertView.xib; sourceTree = "<group>"; };
		E15F0E8620BC9C83007C1965 /* SearchRideVC.swift */ = {isa = PBXFileReference; lastKnownFileType = sourcecode.swift; path = SearchRideVC.swift; sourceTree = "<group>"; };
		E15F0E8720BC9C83007C1965 /* SearchRideVC.xib */ = {isa = PBXFileReference; lastKnownFileType = file.xib; path = SearchRideVC.xib; sourceTree = "<group>"; };
		E179111920BACD47000FB92A /* ShowOrEditProfileVC.swift */ = {isa = PBXFileReference; lastKnownFileType = sourcecode.swift; path = ShowOrEditProfileVC.swift; sourceTree = "<group>"; };
		E179111A20BACD47000FB92A /* ShowOrEditProfileVC.xib */ = {isa = PBXFileReference; lastKnownFileType = file.xib; path = ShowOrEditProfileVC.xib; sourceTree = "<group>"; };
		E179111D20BAD501000FB92A /* ProfileSettingsCell.xib */ = {isa = PBXFileReference; lastKnownFileType = file.xib; path = ProfileSettingsCell.xib; sourceTree = "<group>"; };
		E179111F20BAE774000FB92A /* SettingsTableCell.swift */ = {isa = PBXFileReference; lastKnownFileType = sourcecode.swift; path = SettingsTableCell.swift; sourceTree = "<group>"; };
		E179112020BAE774000FB92A /* SettingsTableCell.xib */ = {isa = PBXFileReference; lastKnownFileType = file.xib; path = SettingsTableCell.xib; sourceTree = "<group>"; };
		E179112320BAEF87000FB92A /* ProfileInfoTableCell.swift */ = {isa = PBXFileReference; lastKnownFileType = sourcecode.swift; path = ProfileInfoTableCell.swift; sourceTree = "<group>"; };
		E179112420BAEF87000FB92A /* ProfileInfoTableCell.xib */ = {isa = PBXFileReference; lastKnownFileType = file.xib; path = ProfileInfoTableCell.xib; sourceTree = "<group>"; };
		E179112720BAEF9F000FB92A /* ProfileImageTableCell.swift */ = {isa = PBXFileReference; lastKnownFileType = sourcecode.swift; path = ProfileImageTableCell.swift; sourceTree = "<group>"; };
		E179112820BAEF9F000FB92A /* ProfileImageTableCell.xib */ = {isa = PBXFileReference; lastKnownFileType = file.xib; path = ProfileImageTableCell.xib; sourceTree = "<group>"; };
		E179112B20BB0B7E000FB92A /* LunchScreen.swift */ = {isa = PBXFileReference; lastKnownFileType = sourcecode.swift; path = LunchScreen.swift; sourceTree = "<group>"; };
		E1973BD420AECE5F002F8ECB /* TabBarVC.swift */ = {isa = PBXFileReference; lastKnownFileType = sourcecode.swift; path = TabBarVC.swift; sourceTree = "<group>"; };
		E1973BDA20AED581002F8ECB /* GoogleService-Info.plist */ = {isa = PBXFileReference; fileEncoding = 4; lastKnownFileType = text.plist.xml; path = "GoogleService-Info.plist"; sourceTree = "<group>"; };
		E1973BDF20AEDCB2002F8ECB /* ViewController.swift */ = {isa = PBXFileReference; fileEncoding = 4; lastKnownFileType = sourcecode.swift; name = ViewController.swift; path = ../ViewController.swift; sourceTree = "<group>"; };
		E1973BE020AEDCB2002F8ECB /* ViewController.xib */ = {isa = PBXFileReference; fileEncoding = 4; lastKnownFileType = file.xib; name = ViewController.xib; path = ../ViewController.xib; sourceTree = "<group>"; };
		E1973BE520AEE083002F8ECB /* SignUpScreenVC.swift */ = {isa = PBXFileReference; lastKnownFileType = sourcecode.swift; name = SignUpScreenVC.swift; path = Model/SignUpScreenVC.swift; sourceTree = "<group>"; };
		E1973BEB20AEF1ED002F8ECB /* Extenstions.swift */ = {isa = PBXFileReference; lastKnownFileType = sourcecode.swift; path = Extenstions.swift; sourceTree = "<group>"; };
		E1973BEE20AF02B8002F8ECB /* ZenonUser.swift */ = {isa = PBXFileReference; lastKnownFileType = sourcecode.swift; path = ZenonUser.swift; sourceTree = "<group>"; };
		E1973BF020AF051D002F8ECB /* RecoverPasswordScreenVC.swift */ = {isa = PBXFileReference; lastKnownFileType = sourcecode.swift; path = RecoverPasswordScreenVC.swift; sourceTree = "<group>"; };
		E1973BF720B41650002F8ECB /* Base */ = {isa = PBXFileReference; lastKnownFileType = file.xib; name = Base; path = Base.lproj/LoginScreenVC.xib; sourceTree = "<group>"; };
		E1973BF820B41668002F8ECB /* en */ = {isa = PBXFileReference; lastKnownFileType = text.plist.strings; name = en; path = en.lproj/LoginScreenVC.strings; sourceTree = "<group>"; };
		E1973BFA20B4170A002F8ECB /* en */ = {isa = PBXFileReference; lastKnownFileType = text.plist.strings; name = en; path = en.lproj/Localizable.strings; sourceTree = "<group>"; };
		E1973BFD20B41806002F8ECB /* ar */ = {isa = PBXFileReference; lastKnownFileType = text.plist.strings; name = ar; path = ar.lproj/LaunchScreen.strings; sourceTree = "<group>"; };
		E1973BFE20B41806002F8ECB /* ar */ = {isa = PBXFileReference; lastKnownFileType = text.plist.strings; name = ar; path = ar.lproj/Localizable.strings; sourceTree = "<group>"; };
		E1973C0220B441E1002F8ECB /* ar */ = {isa = PBXFileReference; lastKnownFileType = text.plist.strings; name = ar; path = ar.lproj/LoginScreenVC.strings; sourceTree = "<group>"; };
		E1973C0B20B570A5002F8ECB /* Base */ = {isa = PBXFileReference; lastKnownFileType = file.xib; name = Base; path = Base.lproj/SignUpScreenVC.xib; sourceTree = "<group>"; };
		E1973C0E20B570A9002F8ECB /* en */ = {isa = PBXFileReference; lastKnownFileType = text.plist.strings; name = en; path = en.lproj/SignUpScreenVC.strings; sourceTree = "<group>"; };
		E1973C1420B57331002F8ECB /* ar */ = {isa = PBXFileReference; lastKnownFileType = text.plist.strings; name = ar; path = ar.lproj/SignUpScreenVC.strings; sourceTree = "<group>"; };
		E1973C1920B583AA002F8ECB /* en */ = {isa = PBXFileReference; lastKnownFileType = text.plist.strings; name = en; path = en.lproj/RecoverPasswordScreenVC.strings; sourceTree = "<group>"; };
		E1973C1A20B583AB002F8ECB /* Base */ = {isa = PBXFileReference; lastKnownFileType = file.xib; name = Base; path = Base.lproj/RecoverPasswordScreenVC.xib; sourceTree = "<group>"; };
		E1973C1B20B583C2002F8ECB /* ar */ = {isa = PBXFileReference; lastKnownFileType = text.plist.strings; name = ar; path = ar.lproj/RecoverPasswordScreenVC.strings; sourceTree = "<group>"; };
		E1A116AF20B981F100757070 /* AppSettingsVC.swift */ = {isa = PBXFileReference; lastKnownFileType = sourcecode.swift; path = AppSettingsVC.swift; sourceTree = "<group>"; };
		E1A116B020B981F100757070 /* AppSettingsVC.xib */ = {isa = PBXFileReference; lastKnownFileType = file.xib; path = AppSettingsVC.xib; sourceTree = "<group>"; };
		E1A116B420B9964A00757070 /* ProfileSettingsCell.swift */ = {isa = PBXFileReference; lastKnownFileType = sourcecode.swift; path = ProfileSettingsCell.swift; sourceTree = "<group>"; };
		E1E7BBF020CFF36F00FC3C4B /* MyRidesVC.swift */ = {isa = PBXFileReference; lastKnownFileType = sourcecode.swift; path = MyRidesVC.swift; sourceTree = "<group>"; };
		E1E7BBF120CFF36F00FC3C4B /* MyRidesVC.xib */ = {isa = PBXFileReference; lastKnownFileType = file.xib; path = MyRidesVC.xib; sourceTree = "<group>"; };
		E1F662F220C6F367003F7FA8 /* OfferRideVC.swift */ = {isa = PBXFileReference; lastKnownFileType = sourcecode.swift; path = OfferRideVC.swift; sourceTree = "<group>"; };
		E1F662F320C6F367003F7FA8 /* OfferRideVC.xib */ = {isa = PBXFileReference; lastKnownFileType = file.xib; path = OfferRideVC.xib; sourceTree = "<group>"; };
		E1F662F620C72037003F7FA8 /* Ride.swift */ = {isa = PBXFileReference; lastKnownFileType = sourcecode.swift; path = Ride.swift; sourceTree = "<group>"; };
/* End PBXFileReference section */

/* Begin PBXFrameworksBuildPhase section */
		E138F98B20AEADCA00325CB1 /* Frameworks */ = {
			isa = PBXFrameworksBuildPhase;
			buildActionMask = 2147483647;
			files = (
				7E7BF3376B161DB2E33E3C6A /* Pods_ZenonCarpooling.framework in Frameworks */,
			);
			runOnlyForDeploymentPostprocessing = 0;
		};
/* End PBXFrameworksBuildPhase section */

/* Begin PBXGroup section */
		35E7BD8E89141EBEB8C213B7 /* Frameworks */ = {
			isa = PBXGroup;
			children = (
				A6192089AC6DA2F76E5818D1 /* Pods_ZenonCarpooling.framework */,
			);
			name = Frameworks;
			sourceTree = "<group>";
		};
		404785404ABE4ACCA4D2AC0F /* Pods */ = {
			isa = PBXGroup;
			children = (
				1834A5D4E7E22F1AB2784B22 /* Pods-ZenonCarpooling.debug.xcconfig */,
				B48ED108251DE122104BA87B /* Pods-ZenonCarpooling.release.xcconfig */,
			);
			name = Pods;
			sourceTree = "<group>";
		};
		E138F98520AEADCA00325CB1 = {
			isa = PBXGroup;
			children = (
				E138F99020AEADCA00325CB1 /* ZenonCarpooling */,
				E138F98F20AEADCA00325CB1 /* Products */,
				404785404ABE4ACCA4D2AC0F /* Pods */,
				35E7BD8E89141EBEB8C213B7 /* Frameworks */,
			);
			sourceTree = "<group>";
		};
		E138F98F20AEADCA00325CB1 /* Products */ = {
			isa = PBXGroup;
			children = (
				E138F98E20AEADCA00325CB1 /* ZenonCarpooling.app */,
			);
			name = Products;
			sourceTree = "<group>";
		};
		E138F99020AEADCA00325CB1 /* ZenonCarpooling */ = {
			isa = PBXGroup;
			children = (
				E1A116B320B9961500757070 /* Views */,
				E1973BED20AEF7A0002F8ECB /* Model */,
				E1973BEA20AEF1BF002F8ECB /* Extensions */,
				E138F9A420AEAE6E00325CB1 /* Controllers  */,
				E138F9A320AEADF200325CB1 /* SupportingFiles */,
				E1973BF920B4170A002F8ECB /* Localizable.strings */,
			);
			path = ZenonCarpooling;
			sourceTree = "<group>";
		};
		E138F9A320AEADF200325CB1 /* SupportingFiles */ = {
			isa = PBXGroup;
			children = (
				E1973BDA20AED581002F8ECB /* GoogleService-Info.plist */,
				E138F99120AEADCA00325CB1 /* AppDelegate.swift */,
				E138F99D20AEADCB00325CB1 /* Info.plist */,
				E138F99A20AEADCB00325CB1 /* LaunchScreen.storyboard */,
				E179112B20BB0B7E000FB92A /* LunchScreen.swift */,
				E138F99820AEADCB00325CB1 /* Assets.xcassets */,
			);
			name = SupportingFiles;
			sourceTree = "<group>";
		};
		E138F9A420AEAE6E00325CB1 /* Controllers  */ = {
			isa = PBXGroup;
			children = (
				E138F9A720AEB05400325CB1 /* LoginScreenVC.swift */,
				E1973BF620B41613002F8ECB /* LoginScreenVC.xib */,
				E1973BD420AECE5F002F8ECB /* TabBarVC.swift */,
				E1973BDF20AEDCB2002F8ECB /* ViewController.swift */,
				E1973BE020AEDCB2002F8ECB /* ViewController.xib */,
				E1973BE520AEE083002F8ECB /* SignUpScreenVC.swift */,
				E1973C0C20B570A5002F8ECB /* SignUpScreenVC.xib */,
				E1973BF020AF051D002F8ECB /* RecoverPasswordScreenVC.swift */,
				E1973C1720B583A5002F8ECB /* RecoverPasswordScreenVC.xib */,
				E1A116AF20B981F100757070 /* AppSettingsVC.swift */,
				E1A116B020B981F100757070 /* AppSettingsVC.xib */,
				E179111920BACD47000FB92A /* ShowOrEditProfileVC.swift */,
				E179111A20BACD47000FB92A /* ShowOrEditProfileVC.xib */,
				E1587C8C20BC169500C48DB6 /* CustomAlertView.swift */,
				E1587C8D20BC169500C48DB6 /* CustomAlertView.xib */,
				E15F0E8620BC9C83007C1965 /* SearchRideVC.swift */,
				E15F0E8720BC9C83007C1965 /* SearchRideVC.xib */,
				E1F662F220C6F367003F7FA8 /* OfferRideVC.swift */,
				E1F662F320C6F367003F7FA8 /* OfferRideVC.xib */,
				E1E7BBF020CFF36F00FC3C4B /* MyRidesVC.swift */,
				E1E7BBF120CFF36F00FC3C4B /* MyRidesVC.xib */,
			);
			name = "Controllers ";
			sourceTree = "<group>";
		};
		E1973BEA20AEF1BF002F8ECB /* Extensions */ = {
			isa = PBXGroup;
			children = (
				E1973BEB20AEF1ED002F8ECB /* Extenstions.swift */,
			);
			name = Extensions;
			sourceTree = "<group>";
		};
		E1973BED20AEF7A0002F8ECB /* Model */ = {
			isa = PBXGroup;
			children = (
				E1973BEE20AF02B8002F8ECB /* ZenonUser.swift */,
				E1F662F620C72037003F7FA8 /* Ride.swift */,
			);
			name = Model;
			sourceTree = "<group>";
		};
		E1A116B320B9961500757070 /* Views */ = {
			isa = PBXGroup;
			children = (
				E1A116B420B9964A00757070 /* ProfileSettingsCell.swift */,
				E179111D20BAD501000FB92A /* ProfileSettingsCell.xib */,
				E179111F20BAE774000FB92A /* SettingsTableCell.swift */,
				E179112020BAE774000FB92A /* SettingsTableCell.xib */,
				E179112320BAEF87000FB92A /* ProfileInfoTableCell.swift */,
				E179112420BAEF87000FB92A /* ProfileInfoTableCell.xib */,
				E179112720BAEF9F000FB92A /* ProfileImageTableCell.swift */,
				E179112820BAEF9F000FB92A /* ProfileImageTableCell.xib */,
			);
			name = Views;
			sourceTree = "<group>";
		};
/* End PBXGroup section */

/* Begin PBXNativeTarget section */
		E138F98D20AEADCA00325CB1 /* ZenonCarpooling */ = {
			isa = PBXNativeTarget;
			buildConfigurationList = E138F9A020AEADCB00325CB1 /* Build configuration list for PBXNativeTarget "ZenonCarpooling" */;
			buildPhases = (
				391A9D128336D57EFB1126A0 /* [CP] Check Pods Manifest.lock */,
				E138F98A20AEADCA00325CB1 /* Sources */,
				E138F98B20AEADCA00325CB1 /* Frameworks */,
				E138F98C20AEADCA00325CB1 /* Resources */,
				DB44FD22F0E729208F631E09 /* [CP] Embed Pods Frameworks */,
				4E0B55409B73F880CFA4C1B2 /* [CP] Copy Pods Resources */,
			);
			buildRules = (
			);
			dependencies = (
			);
			name = ZenonCarpooling;
			productName = ZenonCarpooling;
			productReference = E138F98E20AEADCA00325CB1 /* ZenonCarpooling.app */;
			productType = "com.apple.product-type.application";
		};
/* End PBXNativeTarget section */

/* Begin PBXProject section */
		E138F98620AEADCA00325CB1 /* Project object */ = {
			isa = PBXProject;
			attributes = {
				LastSwiftUpdateCheck = 0930;
				LastUpgradeCheck = 0930;
				ORGANIZATIONNAME = "Abdullah Adwan";
				TargetAttributes = {
					E138F98D20AEADCA00325CB1 = {
						CreatedOnToolsVersion = 9.3.1;
					};
				};
			};
			buildConfigurationList = E138F98920AEADCA00325CB1 /* Build configuration list for PBXProject "ZenonCarpooling" */;
			compatibilityVersion = "Xcode 9.3";
			developmentRegion = en;
			hasScannedForEncodings = 0;
			knownRegions = (
				en,
				Base,
				ar,
			);
			mainGroup = E138F98520AEADCA00325CB1;
			productRefGroup = E138F98F20AEADCA00325CB1 /* Products */;
			projectDirPath = "";
			projectRoot = "";
			targets = (
				E138F98D20AEADCA00325CB1 /* ZenonCarpooling */,
			);
		};
/* End PBXProject section */

/* Begin PBXResourcesBuildPhase section */
		E138F98C20AEADCA00325CB1 /* Resources */ = {
			isa = PBXResourcesBuildPhase;
			buildActionMask = 2147483647;
			files = (
				E179112A20BAEF9F000FB92A /* ProfileImageTableCell.xib in Resources */,
				E1973C0A20B570A5002F8ECB /* SignUpScreenVC.xib in Resources */,
				E1E7BBF320CFF36F00FC3C4B /* MyRidesVC.xib in Resources */,
				E138F99C20AEADCB00325CB1 /* LaunchScreen.storyboard in Resources */,
				E179111E20BAD501000FB92A /* ProfileSettingsCell.xib in Resources */,
				E15F0E8920BC9C83007C1965 /* SearchRideVC.xib in Resources */,
				E179111C20BACD47000FB92A /* ShowOrEditProfileVC.xib in Resources */,
				E1587C8F20BC169500C48DB6 /* CustomAlertView.xib in Resources */,
				E1A116B220B981F100757070 /* AppSettingsVC.xib in Resources */,
				E1973BDB20AED581002F8ECB /* GoogleService-Info.plist in Resources */,
				E179112620BAEF87000FB92A /* ProfileInfoTableCell.xib in Resources */,
				E1973BFB20B4170A002F8ECB /* Localizable.strings in Resources */,
				E1F662F520C6F367003F7FA8 /* OfferRideVC.xib in Resources */,
				E179112220BAE774000FB92A /* SettingsTableCell.xib in Resources */,
				E138F99920AEADCB00325CB1 /* Assets.xcassets in Resources */,
				E1973BE220AEDCB2002F8ECB /* ViewController.xib in Resources */,
				E1973C1520B583A5002F8ECB /* RecoverPasswordScreenVC.xib in Resources */,
				E1973BF420B41613002F8ECB /* LoginScreenVC.xib in Resources */,
			);
			runOnlyForDeploymentPostprocessing = 0;
		};
/* End PBXResourcesBuildPhase section */

/* Begin PBXShellScriptBuildPhase section */
		391A9D128336D57EFB1126A0 /* [CP] Check Pods Manifest.lock */ = {
			isa = PBXShellScriptBuildPhase;
			buildActionMask = 2147483647;
			files = (
			);
			inputPaths = (
				"${PODS_PODFILE_DIR_PATH}/Podfile.lock",
				"${PODS_ROOT}/Manifest.lock",
			);
			name = "[CP] Check Pods Manifest.lock";
			outputPaths = (
				"$(DERIVED_FILE_DIR)/Pods-ZenonCarpooling-checkManifestLockResult.txt",
			);
			runOnlyForDeploymentPostprocessing = 0;
			shellPath = /bin/sh;
			shellScript = "diff \"${PODS_PODFILE_DIR_PATH}/Podfile.lock\" \"${PODS_ROOT}/Manifest.lock\" > /dev/null\nif [ $? != 0 ] ; then\n    # print error to STDERR\n    echo \"error: The sandbox is not in sync with the Podfile.lock. Run 'pod install' or update your CocoaPods installation.\" >&2\n    exit 1\nfi\n# This output is used by Xcode 'outputs' to avoid re-running this script phase.\necho \"SUCCESS\" > \"${SCRIPT_OUTPUT_FILE_0}\"\n";
			showEnvVarsInLog = 0;
		};
		4E0B55409B73F880CFA4C1B2 /* [CP] Copy Pods Resources */ = {
			isa = PBXShellScriptBuildPhase;
			buildActionMask = 2147483647;
			files = (
			);
			inputPaths = (
				"${SRCROOT}/Pods/Target Support Files/Pods-ZenonCarpooling/Pods-ZenonCarpooling-resources.sh",
				"${PODS_ROOT}/GoogleMaps/Maps/Frameworks/GoogleMaps.framework/Resources/GoogleMaps.bundle",
			);
			name = "[CP] Copy Pods Resources";
			outputPaths = (
				"${TARGET_BUILD_DIR}/${UNLOCALIZED_RESOURCES_FOLDER_PATH}/GoogleMaps.bundle",
			);
			runOnlyForDeploymentPostprocessing = 0;
			shellPath = /bin/sh;
			shellScript = "\"${SRCROOT}/Pods/Target Support Files/Pods-ZenonCarpooling/Pods-ZenonCarpooling-resources.sh\"\n";
			showEnvVarsInLog = 0;
		};
		DB44FD22F0E729208F631E09 /* [CP] Embed Pods Frameworks */ = {
			isa = PBXShellScriptBuildPhase;
			buildActionMask = 2147483647;
			files = (
			);
			inputPaths = (
				"${SRCROOT}/Pods/Target Support Files/Pods-ZenonCarpooling/Pods-ZenonCarpooling-frameworks.sh",
				"${BUILT_PRODUCTS_DIR}/Bolts/Bolts.framework",
				"${BUILT_PRODUCTS_DIR}/DateTimePicker/DateTimePicker.framework",
				"${BUILT_PRODUCTS_DIR}/FBSDKCoreKit/FBSDKCoreKit.framework",
				"${BUILT_PRODUCTS_DIR}/FBSDKLoginKit/FBSDKLoginKit.framework",
				"${BUILT_PRODUCTS_DIR}/GTMSessionFetcher/GTMSessionFetcher.framework",
				"${BUILT_PRODUCTS_DIR}/GoogleToolboxForMac/GoogleToolboxForMac.framework",
				"${BUILT_PRODUCTS_DIR}/leveldb-library/leveldb.framework",
				"${BUILT_PRODUCTS_DIR}/libPhoneNumber-iOS/libPhoneNumber_iOS.framework",
				"${BUILT_PRODUCTS_DIR}/nanopb/nanopb.framework",
			);
			name = "[CP] Embed Pods Frameworks";
			outputPaths = (
				"${TARGET_BUILD_DIR}/${FRAMEWORKS_FOLDER_PATH}/Bolts.framework",
				"${TARGET_BUILD_DIR}/${FRAMEWORKS_FOLDER_PATH}/DateTimePicker.framework",
				"${TARGET_BUILD_DIR}/${FRAMEWORKS_FOLDER_PATH}/FBSDKCoreKit.framework",
				"${TARGET_BUILD_DIR}/${FRAMEWORKS_FOLDER_PATH}/FBSDKLoginKit.framework",
				"${TARGET_BUILD_DIR}/${FRAMEWORKS_FOLDER_PATH}/GTMSessionFetcher.framework",
				"${TARGET_BUILD_DIR}/${FRAMEWORKS_FOLDER_PATH}/GoogleToolboxForMac.framework",
				"${TARGET_BUILD_DIR}/${FRAMEWORKS_FOLDER_PATH}/leveldb.framework",
				"${TARGET_BUILD_DIR}/${FRAMEWORKS_FOLDER_PATH}/libPhoneNumber_iOS.framework",
				"${TARGET_BUILD_DIR}/${FRAMEWORKS_FOLDER_PATH}/nanopb.framework",
			);
			runOnlyForDeploymentPostprocessing = 0;
			shellPath = /bin/sh;
			shellScript = "\"${SRCROOT}/Pods/Target Support Files/Pods-ZenonCarpooling/Pods-ZenonCarpooling-frameworks.sh\"\n";
			showEnvVarsInLog = 0;
		};
/* End PBXShellScriptBuildPhase section */

/* Begin PBXSourcesBuildPhase section */
		E138F98A20AEADCA00325CB1 /* Sources */ = {
			isa = PBXSourcesBuildPhase;
			buildActionMask = 2147483647;
			files = (
				E1A116B520B9964A00757070 /* ProfileSettingsCell.swift in Sources */,
				E1F662F420C6F367003F7FA8 /* OfferRideVC.swift in Sources */,
				E1973BE120AEDCB2002F8ECB /* ViewController.swift in Sources */,
				E1973BD620AECE5F002F8ECB /* TabBarVC.swift in Sources */,
				E179112120BAE774000FB92A /* SettingsTableCell.swift in Sources */,
				E179112920BAEF9F000FB92A /* ProfileImageTableCell.swift in Sources */,
				E1973BF220AF051D002F8ECB /* RecoverPasswordScreenVC.swift in Sources */,
				E15F0E8820BC9C83007C1965 /* SearchRideVC.swift in Sources */,
				E1E7BBF220CFF36F00FC3C4B /* MyRidesVC.swift in Sources */,
				E1973BE720AEE083002F8ECB /* SignUpScreenVC.swift in Sources */,
				E179111B20BACD47000FB92A /* ShowOrEditProfileVC.swift in Sources */,
				E138F9A920AEB05400325CB1 /* LoginScreenVC.swift in Sources */,
				E179112C20BB0B7E000FB92A /* LunchScreen.swift in Sources */,
				E1973BEC20AEF1ED002F8ECB /* Extenstions.swift in Sources */,
				E1F662F720C72037003F7FA8 /* Ride.swift in Sources */,
				E1A116B120B981F100757070 /* AppSettingsVC.swift in Sources */,
				E179112520BAEF87000FB92A /* ProfileInfoTableCell.swift in Sources */,
				E138F99220AEADCA00325CB1 /* AppDelegate.swift in Sources */,
				E1587C8E20BC169500C48DB6 /* CustomAlertView.swift in Sources */,
				E1973BEF20AF02B8002F8ECB /* ZenonUser.swift in Sources */,
			);
			runOnlyForDeploymentPostprocessing = 0;
		};
/* End PBXSourcesBuildPhase section */

/* Begin PBXVariantGroup section */
		E138F99A20AEADCB00325CB1 /* LaunchScreen.storyboard */ = {
			isa = PBXVariantGroup;
			children = (
				E138F99B20AEADCB00325CB1 /* Base */,
				E1973BFD20B41806002F8ECB /* ar */,
			);
			name = LaunchScreen.storyboard;
			sourceTree = "<group>";
		};
		E1973BF620B41613002F8ECB /* LoginScreenVC.xib */ = {
			isa = PBXVariantGroup;
			children = (
				E1973BF720B41650002F8ECB /* Base */,
				E1973BF820B41668002F8ECB /* en */,
				E1973C0220B441E1002F8ECB /* ar */,
			);
			name = LoginScreenVC.xib;
			sourceTree = "<group>";
		};
		E1973BF920B4170A002F8ECB /* Localizable.strings */ = {
			isa = PBXVariantGroup;
			children = (
				E1973BFA20B4170A002F8ECB /* en */,
				E1973BFE20B41806002F8ECB /* ar */,
			);
			name = Localizable.strings;
			sourceTree = "<group>";
		};
		E1973C0C20B570A5002F8ECB /* SignUpScreenVC.xib */ = {
			isa = PBXVariantGroup;
			children = (
				E1973C0B20B570A5002F8ECB /* Base */,
				E1973C0E20B570A9002F8ECB /* en */,
				E1973C1420B57331002F8ECB /* ar */,
			);
			name = SignUpScreenVC.xib;
			path = Model;
			sourceTree = "<group>";
		};
		E1973C1720B583A5002F8ECB /* RecoverPasswordScreenVC.xib */ = {
			isa = PBXVariantGroup;
			children = (
				E1973C1920B583AA002F8ECB /* en */,
				E1973C1A20B583AB002F8ECB /* Base */,
				E1973C1B20B583C2002F8ECB /* ar */,
			);
			name = RecoverPasswordScreenVC.xib;
			sourceTree = "<group>";
		};
/* End PBXVariantGroup section */

/* Begin XCBuildConfiguration section */
		E138F99E20AEADCB00325CB1 /* Debug */ = {
			isa = XCBuildConfiguration;
			buildSettings = {
				ALWAYS_SEARCH_USER_PATHS = NO;
				CLANG_ANALYZER_LOCALIZABILITY_NONLOCALIZED = YES;
				CLANG_ANALYZER_NONNULL = YES;
				CLANG_ANALYZER_NUMBER_OBJECT_CONVERSION = YES_AGGRESSIVE;
				CLANG_CXX_LANGUAGE_STANDARD = "gnu++14";
				CLANG_CXX_LIBRARY = "libc++";
				CLANG_ENABLE_MODULES = YES;
				CLANG_ENABLE_OBJC_ARC = YES;
				CLANG_ENABLE_OBJC_WEAK = YES;
				CLANG_WARN_BLOCK_CAPTURE_AUTORELEASING = YES;
				CLANG_WARN_BOOL_CONVERSION = YES;
				CLANG_WARN_COMMA = YES;
				CLANG_WARN_CONSTANT_CONVERSION = YES;
				CLANG_WARN_DEPRECATED_OBJC_IMPLEMENTATIONS = YES;
				CLANG_WARN_DIRECT_OBJC_ISA_USAGE = YES_ERROR;
				CLANG_WARN_DOCUMENTATION_COMMENTS = YES;
				CLANG_WARN_EMPTY_BODY = YES;
				CLANG_WARN_ENUM_CONVERSION = YES;
				CLANG_WARN_INFINITE_RECURSION = YES;
				CLANG_WARN_INT_CONVERSION = YES;
				CLANG_WARN_NON_LITERAL_NULL_CONVERSION = YES;
				CLANG_WARN_OBJC_IMPLICIT_RETAIN_SELF = YES;
				CLANG_WARN_OBJC_LITERAL_CONVERSION = YES;
				CLANG_WARN_OBJC_ROOT_CLASS = YES_ERROR;
				CLANG_WARN_RANGE_LOOP_ANALYSIS = YES;
				CLANG_WARN_STRICT_PROTOTYPES = YES;
				CLANG_WARN_SUSPICIOUS_MOVE = YES;
				CLANG_WARN_UNGUARDED_AVAILABILITY = YES_AGGRESSIVE;
				CLANG_WARN_UNREACHABLE_CODE = YES;
				CLANG_WARN__DUPLICATE_METHOD_MATCH = YES;
				CODE_SIGN_IDENTITY = "iPhone Developer";
				COPY_PHASE_STRIP = NO;
				DEBUG_INFORMATION_FORMAT = dwarf;
				ENABLE_STRICT_OBJC_MSGSEND = YES;
				ENABLE_TESTABILITY = YES;
				GCC_C_LANGUAGE_STANDARD = gnu11;
				GCC_DYNAMIC_NO_PIC = NO;
				GCC_NO_COMMON_BLOCKS = YES;
				GCC_OPTIMIZATION_LEVEL = 0;
				GCC_PREPROCESSOR_DEFINITIONS = (
					"DEBUG=1",
					"$(inherited)",
				);
				GCC_WARN_64_TO_32_BIT_CONVERSION = YES;
				GCC_WARN_ABOUT_RETURN_TYPE = YES_ERROR;
				GCC_WARN_UNDECLARED_SELECTOR = YES;
				GCC_WARN_UNINITIALIZED_AUTOS = YES_AGGRESSIVE;
				GCC_WARN_UNUSED_FUNCTION = YES;
				GCC_WARN_UNUSED_VARIABLE = YES;
				IPHONEOS_DEPLOYMENT_TARGET = 11.3;
				MTL_ENABLE_DEBUG_INFO = YES;
				ONLY_ACTIVE_ARCH = YES;
				SDKROOT = iphoneos;
				SWIFT_ACTIVE_COMPILATION_CONDITIONS = DEBUG;
				SWIFT_OPTIMIZATION_LEVEL = "-Onone";
			};
			name = Debug;
		};
		E138F99F20AEADCB00325CB1 /* Release */ = {
			isa = XCBuildConfiguration;
			buildSettings = {
				ALWAYS_SEARCH_USER_PATHS = NO;
				CLANG_ANALYZER_LOCALIZABILITY_NONLOCALIZED = YES;
				CLANG_ANALYZER_NONNULL = YES;
				CLANG_ANALYZER_NUMBER_OBJECT_CONVERSION = YES_AGGRESSIVE;
				CLANG_CXX_LANGUAGE_STANDARD = "gnu++14";
				CLANG_CXX_LIBRARY = "libc++";
				CLANG_ENABLE_MODULES = YES;
				CLANG_ENABLE_OBJC_ARC = YES;
				CLANG_ENABLE_OBJC_WEAK = YES;
				CLANG_WARN_BLOCK_CAPTURE_AUTORELEASING = YES;
				CLANG_WARN_BOOL_CONVERSION = YES;
				CLANG_WARN_COMMA = YES;
				CLANG_WARN_CONSTANT_CONVERSION = YES;
				CLANG_WARN_DEPRECATED_OBJC_IMPLEMENTATIONS = YES;
				CLANG_WARN_DIRECT_OBJC_ISA_USAGE = YES_ERROR;
				CLANG_WARN_DOCUMENTATION_COMMENTS = YES;
				CLANG_WARN_EMPTY_BODY = YES;
				CLANG_WARN_ENUM_CONVERSION = YES;
				CLANG_WARN_INFINITE_RECURSION = YES;
				CLANG_WARN_INT_CONVERSION = YES;
				CLANG_WARN_NON_LITERAL_NULL_CONVERSION = YES;
				CLANG_WARN_OBJC_IMPLICIT_RETAIN_SELF = YES;
				CLANG_WARN_OBJC_LITERAL_CONVERSION = YES;
				CLANG_WARN_OBJC_ROOT_CLASS = YES_ERROR;
				CLANG_WARN_RANGE_LOOP_ANALYSIS = YES;
				CLANG_WARN_STRICT_PROTOTYPES = YES;
				CLANG_WARN_SUSPICIOUS_MOVE = YES;
				CLANG_WARN_UNGUARDED_AVAILABILITY = YES_AGGRESSIVE;
				CLANG_WARN_UNREACHABLE_CODE = YES;
				CLANG_WARN__DUPLICATE_METHOD_MATCH = YES;
				CODE_SIGN_IDENTITY = "iPhone Developer";
				COPY_PHASE_STRIP = NO;
				DEBUG_INFORMATION_FORMAT = "dwarf-with-dsym";
				ENABLE_NS_ASSERTIONS = NO;
				ENABLE_STRICT_OBJC_MSGSEND = YES;
				GCC_C_LANGUAGE_STANDARD = gnu11;
				GCC_NO_COMMON_BLOCKS = YES;
				GCC_WARN_64_TO_32_BIT_CONVERSION = YES;
				GCC_WARN_ABOUT_RETURN_TYPE = YES_ERROR;
				GCC_WARN_UNDECLARED_SELECTOR = YES;
				GCC_WARN_UNINITIALIZED_AUTOS = YES_AGGRESSIVE;
				GCC_WARN_UNUSED_FUNCTION = YES;
				GCC_WARN_UNUSED_VARIABLE = YES;
				IPHONEOS_DEPLOYMENT_TARGET = 11.3;
				MTL_ENABLE_DEBUG_INFO = NO;
				SDKROOT = iphoneos;
				SWIFT_COMPILATION_MODE = wholemodule;
				SWIFT_OPTIMIZATION_LEVEL = "-O";
				VALIDATE_PRODUCT = YES;
			};
			name = Release;
		};
		E138F9A120AEADCB00325CB1 /* Debug */ = {
			isa = XCBuildConfiguration;
			baseConfigurationReference = 1834A5D4E7E22F1AB2784B22 /* Pods-ZenonCarpooling.debug.xcconfig */;
			buildSettings = {
				ASSETCATALOG_COMPILER_APPICON_NAME = AppIcon;
				CODE_SIGN_STYLE = Automatic;
				DEVELOPMENT_TEAM = S86GR4539G;
				INFOPLIST_FILE = ZenonCarpooling/Info.plist;
				IPHONEOS_DEPLOYMENT_TARGET = 11.0;
				LD_RUNPATH_SEARCH_PATHS = (
					"$(inherited)",
					"@executable_path/Frameworks",
				);
				PRODUCT_BUNDLE_IDENTIFIER = aplus.ZenonCarpooling;
				PRODUCT_NAME = "$(TARGET_NAME)";
				SWIFT_VERSION = 4.0;
				TARGETED_DEVICE_FAMILY = 1;
			};
			name = Debug;
		};
		E138F9A220AEADCB00325CB1 /* Release */ = {
			isa = XCBuildConfiguration;
			baseConfigurationReference = B48ED108251DE122104BA87B /* Pods-ZenonCarpooling.release.xcconfig */;
			buildSettings = {
				ASSETCATALOG_COMPILER_APPICON_NAME = AppIcon;
				CODE_SIGN_STYLE = Automatic;
				DEVELOPMENT_TEAM = S86GR4539G;
				INFOPLIST_FILE = ZenonCarpooling/Info.plist;
				IPHONEOS_DEPLOYMENT_TARGET = 11.0;
				LD_RUNPATH_SEARCH_PATHS = (
					"$(inherited)",
					"@executable_path/Frameworks",
				);
				PRODUCT_BUNDLE_IDENTIFIER = aplus.ZenonCarpooling;
				PRODUCT_NAME = "$(TARGET_NAME)";
				SWIFT_VERSION = 4.0;
				TARGETED_DEVICE_FAMILY = 1;
			};
			name = Release;
		};
/* End XCBuildConfiguration section */

/* Begin XCConfigurationList section */
		E138F98920AEADCA00325CB1 /* Build configuration list for PBXProject "ZenonCarpooling" */ = {
			isa = XCConfigurationList;
			buildConfigurations = (
				E138F99E20AEADCB00325CB1 /* Debug */,
				E138F99F20AEADCB00325CB1 /* Release */,
			);
			defaultConfigurationIsVisible = 0;
			defaultConfigurationName = Release;
		};
		E138F9A020AEADCB00325CB1 /* Build configuration list for PBXNativeTarget "ZenonCarpooling" */ = {
			isa = XCConfigurationList;
			buildConfigurations = (
				E138F9A120AEADCB00325CB1 /* Debug */,
				E138F9A220AEADCB00325CB1 /* Release */,
			);
			defaultConfigurationIsVisible = 0;
			defaultConfigurationName = Release;
		};
/* End XCConfigurationList section */
	};
	rootObject = E138F98620AEADCA00325CB1 /* Project object */;
}
